
Microsoft Visual Studio Solution File, Format Version 12.00
# Visual Studio Version 17
VisualStudioVersion = 17.2.32616.157
MinimumVisualStudioVersion = 10.0.40219.1
Project("{FAE04EC0-301F-11D3-BF4B-00C04F79EFBC}") = "Helpm8.Wpf", "libraries\Helpm8.Wpf\Helpm8.Wpf.csproj", "{598AAB89-EF7C-44C0-9B02-024A20B1B802}"
EndProject
Global
	GlobalSection(SolutionConfigurationPlatforms) = preSolution
		Debug|Any CPU = Debug|Any CPU
		Release|Any CPU = Release|Any CPU
	EndGlobalSection
	GlobalSection(ProjectConfigurationPlatforms) = postSolution
		{598AAB89-EF7C-44C0-9B02-024A20B1B802}.Debug|Any CPU.ActiveCfg = Debug|Any CPU
		{598AAB89-EF7C-44C0-9B02-024A20B1B802}.Debug|Any CPU.Build.0 = Debug|Any CPU
		{598AAB89-EF7C-44C0-9B02-024A20B1B802}.Release|Any CPU.ActiveCfg = Release|Any CPU
		{598AAB89-EF7C-44C0-9B02-024A20B1B802}.Release|Any CPU.Build.0 = Release|Any CPU
	EndGlobalSection
	GlobalSection(SolutionProperties) = preSolution
		HideSolutionNode = FALSE
	EndGlobalSection
	GlobalSection(ExtensibilityGlobals) = postSolution
		SolutionGuid = {A45F382C-6D95-444E-A759-B60F24D12E3E}
	EndGlobalSection
EndGlobal
